
Microsoft Visual Studio Solution File, Format Version 12.00
Project("{FAE04EC0-301F-11D3-BF4B-00C04F79EFBC}") = "Flashcards", "Flashcards\Flashcards.csproj", "{F32FD61C-50B4-48F6-B20E-27C1D6641119}"
EndProject
Global
	GlobalSection(SolutionConfigurationPlatforms) = preSolution
		Debug|Any CPU = Debug|Any CPU
		Release|Any CPU = Release|Any CPU
	EndGlobalSection
	GlobalSection(ProjectConfigurationPlatforms) = postSolution
		{F32FD61C-50B4-48F6-B20E-27C1D6641119}.Debug|Any CPU.ActiveCfg = Debug|Any CPU
		{F32FD61C-50B4-48F6-B20E-27C1D6641119}.Debug|Any CPU.Build.0 = Debug|Any CPU
		{F32FD61C-50B4-48F6-B20E-27C1D6641119}.Release|Any CPU.ActiveCfg = Release|Any CPU
		{F32FD61C-50B4-48F6-B20E-27C1D6641119}.Release|Any CPU.Build.0 = Release|Any CPU
	EndGlobalSection
EndGlobal
